
Microsoft Visual Studio Solution File, Format Version 12.00
# Visual Studio Version 16
VisualStudioVersion = 16.0.30804.86
MinimumVisualStudioVersion = 10.0.40219.1
Project("{9A19103F-16F7-4668-BE54-9A1E7A4F7556}") = "LuckyDays", "LuckyDays\LuckyDays.csproj", "{86149137-6EF7-482D-A856-6CEEA881615D}"
EndProject
Project("{FAE04EC0-301F-11D3-BF4B-00C04F79EFBC}") = "FastGrowth", "FastGrowth\FastGrowth.csproj", "{73FDFF29-5068-4F10-BBE6-30C65B7C7549}"
EndProject
Global
	GlobalSection(SolutionConfigurationPlatforms) = preSolution
		Debug|Any CPU = Debug|Any CPU
		Release|Any CPU = Release|Any CPU
	EndGlobalSection
	GlobalSection(ProjectConfigurationPlatforms) = postSolution
		{86149137-6EF7-482D-A856-6CEEA881615D}.Debug|Any CPU.ActiveCfg = Debug|Any CPU
		{86149137-6EF7-482D-A856-6CEEA881615D}.Debug|Any CPU.Build.0 = Debug|Any CPU
		{86149137-6EF7-482D-A856-6CEEA881615D}.Release|Any CPU.ActiveCfg = Release|Any CPU
		{86149137-6EF7-482D-A856-6CEEA881615D}.Release|Any CPU.Build.0 = Release|Any CPU
		{73FDFF29-5068-4F10-BBE6-30C65B7C7549}.Debug|Any CPU.ActiveCfg = Debug|Any CPU
		{73FDFF29-5068-4F10-BBE6-30C65B7C7549}.Debug|Any CPU.Build.0 = Debug|Any CPU
		{73FDFF29-5068-4F10-BBE6-30C65B7C7549}.Release|Any CPU.ActiveCfg = Release|Any CPU
		{73FDFF29-5068-4F10-BBE6-30C65B7C7549}.Release|Any CPU.Build.0 = Release|Any CPU
	EndGlobalSection
	GlobalSection(SolutionProperties) = preSolution
		HideSolutionNode = FALSE
	EndGlobalSection
	GlobalSection(ExtensibilityGlobals) = postSolution
		SolutionGuid = {E3333549-E5ED-44FB-90E8-DC25096F1C86}
	EndGlobalSection
EndGlobal
